
Microsoft Visual Studio Solution File, Format Version 12.00
# Visual Studio Version 16
VisualStudioVersion = 16.0.29709.97
MinimumVisualStudioVersion = 10.0.40219.1
Project("{FAE04EC0-301F-11D3-BF4B-00C04F79EFBC}") = "ServerAuth", "ServerAuth\ServerAuth.csproj", "{752FF62D-8285-408C-81D9-42584FC8C9EF}"
EndProject
Project("{FAE04EC0-301F-11D3-BF4B-00C04F79EFBC}") = "BlazorGmail", "BlazorGmail\BlazorGmail.csproj", "{3F02AC8B-4072-4D84-B2D9-06AD3F0B2206}"
EndProject
Project("{FAE04EC0-301F-11D3-BF4B-00C04F79EFBC}") = "CustomServerSideAuth", "CustomServerSideAuth\CustomServerSideAuth.csproj", "{2293B0BE-07B0-48B3-8193-022AFDCBE318}"
EndProject
Global
	GlobalSection(SolutionConfigurationPlatforms) = preSolution
		Debug|Any CPU = Debug|Any CPU
		Release|Any CPU = Release|Any CPU
	EndGlobalSection
	GlobalSection(ProjectConfigurationPlatforms) = postSolution
		{752FF62D-8285-408C-81D9-42584FC8C9EF}.Debug|Any CPU.ActiveCfg = Debug|Any CPU
		{752FF62D-8285-408C-81D9-42584FC8C9EF}.Debug|Any CPU.Build.0 = Debug|Any CPU
		{752FF62D-8285-408C-81D9-42584FC8C9EF}.Release|Any CPU.ActiveCfg = Release|Any CPU
		{752FF62D-8285-408C-81D9-42584FC8C9EF}.Release|Any CPU.Build.0 = Release|Any CPU
		{3F02AC8B-4072-4D84-B2D9-06AD3F0B2206}.Debug|Any CPU.ActiveCfg = Debug|Any CPU
		{3F02AC8B-4072-4D84-B2D9-06AD3F0B2206}.Debug|Any CPU.Build.0 = Debug|Any CPU
		{3F02AC8B-4072-4D84-B2D9-06AD3F0B2206}.Release|Any CPU.ActiveCfg = Release|Any CPU
		{3F02AC8B-4072-4D84-B2D9-06AD3F0B2206}.Release|Any CPU.Build.0 = Release|Any CPU
		{2293B0BE-07B0-48B3-8193-022AFDCBE318}.Debug|Any CPU.ActiveCfg = Debug|Any CPU
		{2293B0BE-07B0-48B3-8193-022AFDCBE318}.Debug|Any CPU.Build.0 = Debug|Any CPU
		{2293B0BE-07B0-48B3-8193-022AFDCBE318}.Release|Any CPU.ActiveCfg = Release|Any CPU
		{2293B0BE-07B0-48B3-8193-022AFDCBE318}.Release|Any CPU.Build.0 = Release|Any CPU
	EndGlobalSection
	GlobalSection(SolutionProperties) = preSolution
		HideSolutionNode = FALSE
	EndGlobalSection
	GlobalSection(ExtensibilityGlobals) = postSolution
		SolutionGuid = {0DB96982-5AC8-4694-AF9A-5F060E77EBDE}
	EndGlobalSection
EndGlobal
