
Microsoft Visual Studio Solution File, Format Version 12.00
# Visual Studio Version 16
VisualStudioVersion = 16.0.29709.97
MinimumVisualStudioVersion = 10.0.40219.1
Project("{FAE04EC0-301F-11D3-BF4B-00C04F79EFBC}") = "TestGrpc", "TestGrpc\TestGrpc.csproj", "{B94641AE-6299-4979-BEF4-886BC36F05CD}"
EndProject
Project("{FAE04EC0-301F-11D3-BF4B-00C04F79EFBC}") = "ToDoGrpcService", "ToDoGrpcService\ToDoGrpcService.csproj", "{9D2DDE02-764B-466F-A4D7-37E2526F20E1}"
EndProject
Global
	GlobalSection(SolutionConfigurationPlatforms) = preSolution
		Debug|Any CPU = Debug|Any CPU
		Release|Any CPU = Release|Any CPU
	EndGlobalSection
	GlobalSection(ProjectConfigurationPlatforms) = postSolution
		{B94641AE-6299-4979-BEF4-886BC36F05CD}.Debug|Any CPU.ActiveCfg = Debug|Any CPU
		{B94641AE-6299-4979-BEF4-886BC36F05CD}.Debug|Any CPU.Build.0 = Debug|Any CPU
		{B94641AE-6299-4979-BEF4-886BC36F05CD}.Release|Any CPU.ActiveCfg = Release|Any CPU
		{B94641AE-6299-4979-BEF4-886BC36F05CD}.Release|Any CPU.Build.0 = Release|Any CPU
		{9D2DDE02-764B-466F-A4D7-37E2526F20E1}.Debug|Any CPU.ActiveCfg = Debug|Any CPU
		{9D2DDE02-764B-466F-A4D7-37E2526F20E1}.Debug|Any CPU.Build.0 = Debug|Any CPU
		{9D2DDE02-764B-466F-A4D7-37E2526F20E1}.Release|Any CPU.ActiveCfg = Release|Any CPU
		{9D2DDE02-764B-466F-A4D7-37E2526F20E1}.Release|Any CPU.Build.0 = Release|Any CPU
	EndGlobalSection
	GlobalSection(SolutionProperties) = preSolution
		HideSolutionNode = FALSE
	EndGlobalSection
	GlobalSection(ExtensibilityGlobals) = postSolution
		SolutionGuid = {BA36D959-83EC-43AE-801D-BA46A755864C}
	EndGlobalSection
EndGlobal
